
Microsoft Visual Studio Solution File, Format Version 12.00
# Visual Studio Version 16
VisualStudioVersion = 16.0.30011.22
MinimumVisualStudioVersion = 10.0.40219.1
Project("{9A19103F-16F7-4668-BE54-9A1E7A4F7556}") = "DataAccess", "DataAccess\DataAccess.csproj", "{E18A1D38-6CCC-4976-9B54-375DB87153CF}"
EndProject
Project("{9A19103F-16F7-4668-BE54-9A1E7A4F7556}") = "Business", "Business\Business.csproj", "{0B6ED083-95FF-42F6-82EE-4493EE12CE31}"
EndProject
Project("{9A19103F-16F7-4668-BE54-9A1E7A4F7556}") = "Entities", "Entities\Entities.csproj", "{8849A94F-7482-4527-90E9-32FECFC7BF2D}"
EndProject
Project("{9A19103F-16F7-4668-BE54-9A1E7A4F7556}") = "ConsoleUI", "ConsoleUI\ConsoleUI.csproj", "{0E97C013-9DAF-4E9F-B7D7-D96A33B39C17}"
EndProject
Project("{9A19103F-16F7-4668-BE54-9A1E7A4F7556}") = "Core", "Core\Core.csproj", "{F1C629F4-CA47-451A-AC46-2C40D20813F3}"
EndProject
Project("{FAE04EC0-301F-11D3-BF4B-00C04F79EFBC}") = "WebAPI", "WebAPI\WebAPI.csproj", "{0E26D2BE-F295-4B43-BE12-53A316ED52E4}"
EndProject
Global
	GlobalSection(SolutionConfigurationPlatforms) = preSolution
		Debug|Any CPU = Debug|Any CPU
		Release|Any CPU = Release|Any CPU
	EndGlobalSection
	GlobalSection(ProjectConfigurationPlatforms) = postSolution
		{E18A1D38-6CCC-4976-9B54-375DB87153CF}.Debug|Any CPU.ActiveCfg = Debug|Any CPU
		{E18A1D38-6CCC-4976-9B54-375DB87153CF}.Debug|Any CPU.Build.0 = Debug|Any CPU
		{E18A1D38-6CCC-4976-9B54-375DB87153CF}.Release|Any CPU.ActiveCfg = Release|Any CPU
		{E18A1D38-6CCC-4976-9B54-375DB87153CF}.Release|Any CPU.Build.0 = Release|Any CPU
		{0B6ED083-95FF-42F6-82EE-4493EE12CE31}.Debug|Any CPU.ActiveCfg = Debug|Any CPU
		{0B6ED083-95FF-42F6-82EE-4493EE12CE31}.Debug|Any CPU.Build.0 = Debug|Any CPU
		{0B6ED083-95FF-42F6-82EE-4493EE12CE31}.Release|Any CPU.ActiveCfg = Release|Any CPU
		{0B6ED083-95FF-42F6-82EE-4493EE12CE31}.Release|Any CPU.Build.0 = Release|Any CPU
		{8849A94F-7482-4527-90E9-32FECFC7BF2D}.Debug|Any CPU.ActiveCfg = Debug|Any CPU
		{8849A94F-7482-4527-90E9-32FECFC7BF2D}.Debug|Any CPU.Build.0 = Debug|Any CPU
		{8849A94F-7482-4527-90E9-32FECFC7BF2D}.Release|Any CPU.ActiveCfg = Release|Any CPU
		{8849A94F-7482-4527-90E9-32FECFC7BF2D}.Release|Any CPU.Build.0 = Release|Any CPU
		{0E97C013-9DAF-4E9F-B7D7-D96A33B39C17}.Debug|Any CPU.ActiveCfg = Debug|Any CPU
		{0E97C013-9DAF-4E9F-B7D7-D96A33B39C17}.Debug|Any CPU.Build.0 = Debug|Any CPU
		{0E97C013-9DAF-4E9F-B7D7-D96A33B39C17}.Release|Any CPU.ActiveCfg = Release|Any CPU
		{0E97C013-9DAF-4E9F-B7D7-D96A33B39C17}.Release|Any CPU.Build.0 = Release|Any CPU
		{F1C629F4-CA47-451A-AC46-2C40D20813F3}.Debug|Any CPU.ActiveCfg = Debug|Any CPU
		{F1C629F4-CA47-451A-AC46-2C40D20813F3}.Debug|Any CPU.Build.0 = Debug|Any CPU
		{F1C629F4-CA47-451A-AC46-2C40D20813F3}.Release|Any CPU.ActiveCfg = Release|Any CPU
		{F1C629F4-CA47-451A-AC46-2C40D20813F3}.Release|Any CPU.Build.0 = Release|Any CPU
		{0E26D2BE-F295-4B43-BE12-53A316ED52E4}.Debug|Any CPU.ActiveCfg = Debug|Any CPU
		{0E26D2BE-F295-4B43-BE12-53A316ED52E4}.Debug|Any CPU.Build.0 = Debug|Any CPU
		{0E26D2BE-F295-4B43-BE12-53A316ED52E4}.Release|Any CPU.ActiveCfg = Release|Any CPU
		{0E26D2BE-F295-4B43-BE12-53A316ED52E4}.Release|Any CPU.Build.0 = Release|Any CPU
	EndGlobalSection
	GlobalSection(SolutionProperties) = preSolution
		HideSolutionNode = FALSE
	EndGlobalSection
	GlobalSection(ExtensibilityGlobals) = postSolution
		SolutionGuid = {3D1EB9EC-E120-4625-AE42-0D8ADB165B45}
	EndGlobalSection
EndGlobal
